
Microsoft Visual Studio Solution File, Format Version 12.00
# Visual Studio 15
VisualStudioVersion = 15.0.26730.12
MinimumVisualStudioVersion = 10.0.40219.1
Project("{FAE04EC0-301F-11D3-BF4B-00C04F79EFBC}") = "XF.Mapas.Android", "XF.Mapas\XF.Mapas.Android\XF.Mapas.Android.csproj", "{1724A6D5-2FF3-450F-AC60-4A1DFE686AEF}"
EndProject
Project("{FAE04EC0-301F-11D3-BF4B-00C04F79EFBC}") = "XF.Mapas", "XF.Mapas\XF.Mapas\XF.Mapas.csproj", "{7E74FC45-BB10-4423-A50F-C9CC72FA2EF9}"
EndProject
Project("{FAE04EC0-301F-11D3-BF4B-00C04F79EFBC}") = "XF.Mapas.UWP", "XF.Mapas\XF.Mapas.UWP\XF.Mapas.UWP.csproj", "{F09CE28E-21CF-4ED5-B418-9EEC0E0FBDDD}"
EndProject
Project("{FAE04EC0-301F-11D3-BF4B-00C04F79EFBC}") = "XF.Mapas.iOS", "XF.Mapas\XF.Mapas.iOS\XF.Mapas.iOS.csproj", "{E6DA814E-4C79-4551-8C0C-D22DF309D4F5}"
EndProject
Global
	GlobalSection(SolutionConfigurationPlatforms) = preSolution
		Ad-Hoc|Any CPU = Ad-Hoc|Any CPU
		Ad-Hoc|ARM = Ad-Hoc|ARM
		Ad-Hoc|iPhone = Ad-Hoc|iPhone
		Ad-Hoc|iPhoneSimulator = Ad-Hoc|iPhoneSimulator
		Ad-Hoc|x64 = Ad-Hoc|x64
		Ad-Hoc|x86 = Ad-Hoc|x86
		AppStore|Any CPU = AppStore|Any CPU
		AppStore|ARM = AppStore|ARM
		AppStore|iPhone = AppStore|iPhone
		AppStore|iPhoneSimulator = AppStore|iPhoneSimulator
		AppStore|x64 = AppStore|x64
		AppStore|x86 = AppStore|x86
		Debug|Any CPU = Debug|Any CPU
		Debug|ARM = Debug|ARM
		Debug|iPhone = Debug|iPhone
		Debug|iPhoneSimulator = Debug|iPhoneSimulator
		Debug|x64 = Debug|x64
		Debug|x86 = Debug|x86
		Release|Any CPU = Release|Any CPU
		Release|ARM = Release|ARM
		Release|iPhone = Release|iPhone
		Release|iPhoneSimulator = Release|iPhoneSimulator
		Release|x64 = Release|x64
		Release|x86 = Release|x86
	EndGlobalSection
	GlobalSection(ProjectConfigurationPlatforms) = postSolution
		{1724A6D5-2FF3-450F-AC60-4A1DFE686AEF}.Ad-Hoc|Any CPU.ActiveCfg = Release|Any CPU
		{1724A6D5-2FF3-450F-AC60-4A1DFE686AEF}.Ad-Hoc|Any CPU.Build.0 = Release|Any CPU
		{1724A6D5-2FF3-450F-AC60-4A1DFE686AEF}.Ad-Hoc|Any CPU.Deploy.0 = Release|Any CPU
		{1724A6D5-2FF3-450F-AC60-4A1DFE686AEF}.Ad-Hoc|ARM.ActiveCfg = Release|Any CPU
		{1724A6D5-2FF3-450F-AC60-4A1DFE686AEF}.Ad-Hoc|ARM.Build.0 = Release|Any CPU
		{1724A6D5-2FF3-450F-AC60-4A1DFE686AEF}.Ad-Hoc|ARM.Deploy.0 = Release|Any CPU
		{1724A6D5-2FF3-450F-AC60-4A1DFE686AEF}.Ad-Hoc|iPhone.ActiveCfg = Release|Any CPU
		{1724A6D5-2FF3-450F-AC60-4A1DFE686AEF}.Ad-Hoc|iPhone.Build.0 = Release|Any CPU
		{1724A6D5-2FF3-450F-AC60-4A1DFE686AEF}.Ad-Hoc|iPhone.Deploy.0 = Release|Any CPU
		{1724A6D5-2FF3-450F-AC60-4A1DFE686AEF}.Ad-Hoc|iPhoneSimulator.ActiveCfg = Release|Any CPU
		{1724A6D5-2FF3-450F-AC60-4A1DFE686AEF}.Ad-Hoc|iPhoneSimulator.Build.0 = Release|Any CPU
		{1724A6D5-2FF3-450F-AC60-4A1DFE686AEF}.Ad-Hoc|iPhoneSimulator.Deploy.0 = Release|Any CPU
		{1724A6D5-2FF3-450F-AC60-4A1DFE686AEF}.Ad-Hoc|x64.ActiveCfg = Release|Any CPU
		{1724A6D5-2FF3-450F-AC60-4A1DFE686AEF}.Ad-Hoc|x64.Build.0 = Release|Any CPU
		{1724A6D5-2FF3-450F-AC60-4A1DFE686AEF}.Ad-Hoc|x64.Deploy.0 = Release|Any CPU
		{1724A6D5-2FF3-450F-AC60-4A1DFE686AEF}.Ad-Hoc|x86.ActiveCfg = Release|Any CPU
		{1724A6D5-2FF3-450F-AC60-4A1DFE686AEF}.Ad-Hoc|x86.Build.0 = Release|Any CPU
		{1724A6D5-2FF3-450F-AC60-4A1DFE686AEF}.Ad-Hoc|x86.Deploy.0 = Release|Any CPU
		{1724A6D5-2FF3-450F-AC60-4A1DFE686AEF}.AppStore|Any CPU.ActiveCfg = Release|Any CPU
		{1724A6D5-2FF3-450F-AC60-4A1DFE686AEF}.AppStore|Any CPU.Build.0 = Release|Any CPU
		{1724A6D5-2FF3-450F-AC60-4A1DFE686AEF}.AppStore|Any CPU.Deploy.0 = Release|Any CPU
		{1724A6D5-2FF3-450F-AC60-4A1DFE686AEF}.AppStore|ARM.ActiveCfg = Release|Any CPU
		{1724A6D5-2FF3-450F-AC60-4A1DFE686AEF}.AppStore|ARM.Build.0 = Release|Any CPU
		{1724A6D5-2FF3-450F-AC60-4A1DFE686AEF}.AppStore|ARM.Deploy.0 = Release|Any CPU
		{1724A6D5-2FF3-450F-AC60-4A1DFE686AEF}.AppStore|iPhone.ActiveCfg = Release|Any CPU
		{1724A6D5-2FF3-450F-AC60-4A1DFE686AEF}.AppStore|iPhone.Build.0 = Release|Any CPU
		{1724A6D5-2FF3-450F-AC60-4A1DFE686AEF}.AppStore|iPhone.Deploy.0 = Release|Any CPU
		{1724A6D5-2FF3-450F-AC60-4A1DFE686AEF}.AppStore|iPhoneSimulator.ActiveCfg = Release|Any CPU
		{1724A6D5-2FF3-450F-AC60-4A1DFE686AEF}.AppStore|iPhoneSimulator.Build.0 = Release|Any CPU
		{1724A6D5-2FF3-450F-AC60-4A1DFE686AEF}.AppStore|iPhoneSimulator.Deploy.0 = Release|Any CPU
		{1724A6D5-2FF3-450F-AC60-4A1DFE686AEF}.AppStore|x64.ActiveCfg = Release|Any CPU
		{1724A6D5-2FF3-450F-AC60-4A1DFE686AEF}.AppStore|x64.Build.0 = Release|Any CPU
		{1724A6D5-2FF3-450F-AC60-4A1DFE686AEF}.AppStore|x64.Deploy.0 = Release|Any CPU
		{1724A6D5-2FF3-450F-AC60-4A1DFE686AEF}.AppStore|x86.ActiveCfg = Release|Any CPU
		{1724A6D5-2FF3-450F-AC60-4A1DFE686AEF}.AppStore|x86.Build.0 = Release|Any CPU
		{1724A6D5-2FF3-450F-AC60-4A1DFE686AEF}.AppStore|x86.Deploy.0 = Release|Any CPU
		{1724A6D5-2FF3-450F-AC60-4A1DFE686AEF}.Debug|Any CPU.ActiveCfg = Debug|Any CPU
		{1724A6D5-2FF3-450F-AC60-4A1DFE686AEF}.Debug|Any CPU.Build.0 = Debug|Any CPU
		{1724A6D5-2FF3-450F-AC60-4A1DFE686AEF}.Debug|Any CPU.Deploy.0 = Debug|Any CPU
		{1724A6D5-2FF3-450F-AC60-4A1DFE686AEF}.Debug|ARM.ActiveCfg = Debug|Any CPU
		{1724A6D5-2FF3-450F-AC60-4A1DFE686AEF}.Debug|ARM.Build.0 = Debug|Any CPU
		{1724A6D5-2FF3-450F-AC60-4A1DFE686AEF}.Debug|ARM.Deploy.0 = Debug|Any CPU
		{1724A6D5-2FF3-450F-AC60-4A1DFE686AEF}.Debug|iPhone.ActiveCfg = Debug|Any CPU
		{1724A6D5-2FF3-450F-AC60-4A1DFE686AEF}.Debug|iPhone.Build.0 = Debug|Any CPU
		{1724A6D5-2FF3-450F-AC60-4A1DFE686AEF}.Debug|iPhone.Deploy.0 = Debug|Any CPU
		{1724A6D5-2FF3-450F-AC60-4A1DFE686AEF}.Debug|iPhoneSimulator.ActiveCfg = Debug|Any CPU
		{1724A6D5-2FF3-450F-AC60-4A1DFE686AEF}.Debug|iPhoneSimulator.Build.0 = Debug|Any CPU
		{1724A6D5-2FF3-450F-AC60-4A1DFE686AEF}.Debug|iPhoneSimulator.Deploy.0 = Debug|Any CPU
		{1724A6D5-2FF3-450F-AC60-4A1DFE686AEF}.Debug|x64.ActiveCfg = Debug|Any CPU
		{1724A6D5-2FF3-450F-AC60-4A1DFE686AEF}.Debug|x64.Build.0 = Debug|Any CPU
		{1724A6D5-2FF3-450F-AC60-4A1DFE686AEF}.Debug|x64.Deploy.0 = Debug|Any CPU
		{1724A6D5-2FF3-450F-AC60-4A1DFE686AEF}.Debug|x86.ActiveCfg = Debug|Any CPU
		{1724A6D5-2FF3-450F-AC60-4A1DFE686AEF}.Debug|x86.Build.0 = Debug|Any CPU
		{1724A6D5-2FF3-450F-AC60-4A1DFE686AEF}.Debug|x86.Deploy.0 = Debug|Any CPU
		{1724A6D5-2FF3-450F-AC60-4A1DFE686AEF}.Release|Any CPU.ActiveCfg = Release|Any CPU
		{1724A6D5-2FF3-450F-AC60-4A1DFE686AEF}.Release|Any CPU.Build.0 = Release|Any CPU
		{1724A6D5-2FF3-450F-AC60-4A1DFE686AEF}.Release|Any CPU.Deploy.0 = Release|Any CPU
		{1724A6D5-2FF3-450F-AC60-4A1DFE686AEF}.Release|ARM.ActiveCfg = Release|Any CPU
		{1724A6D5-2FF3-450F-AC60-4A1DFE686AEF}.Release|ARM.Build.0 = Release|Any CPU
		{1724A6D5-2FF3-450F-AC60-4A1DFE686AEF}.Release|ARM.Deploy.0 = Release|Any CPU
		{1724A6D5-2FF3-450F-AC60-4A1DFE686AEF}.Release|iPhone.ActiveCfg = Release|Any CPU
		{1724A6D5-2FF3-450F-AC60-4A1DFE686AEF}.Release|iPhone.Build.0 = Release|Any CPU
		{1724A6D5-2FF3-450F-AC60-4A1DFE686AEF}.Release|iPhone.Deploy.0 = Release|Any CPU
		{1724A6D5-2FF3-450F-AC60-4A1DFE686AEF}.Release|iPhoneSimulator.ActiveCfg = Release|Any CPU
		{1724A6D5-2FF3-450F-AC60-4A1DFE686AEF}.Release|iPhoneSimulator.Build.0 = Release|Any CPU
		{1724A6D5-2FF3-450F-AC60-4A1DFE686AEF}.Release|iPhoneSimulator.Deploy.0 = Release|Any CPU
		{1724A6D5-2FF3-450F-AC60-4A1DFE686AEF}.Release|x64.ActiveCfg = Release|Any CPU
		{1724A6D5-2FF3-450F-AC60-4A1DFE686AEF}.Release|x64.Build.0 = Release|Any CPU
		{1724A6D5-2FF3-450F-AC60-4A1DFE686AEF}.Release|x64.Deploy.0 = Release|Any CPU
		{1724A6D5-2FF3-450F-AC60-4A1DFE686AEF}.Release|x86.ActiveCfg = Release|Any CPU
		{1724A6D5-2FF3-450F-AC60-4A1DFE686AEF}.Release|x86.Build.0 = Release|Any CPU
		{1724A6D5-2FF3-450F-AC60-4A1DFE686AEF}.Release|x86.Deploy.0 = Release|Any CPU
		{7E74FC45-BB10-4423-A50F-C9CC72FA2EF9}.Ad-Hoc|Any CPU.ActiveCfg = Release|Any CPU
		{7E74FC45-BB10-4423-A50F-C9CC72FA2EF9}.Ad-Hoc|Any CPU.Build.0 = Release|Any CPU
		{7E74FC45-BB10-4423-A50F-C9CC72FA2EF9}.Ad-Hoc|ARM.ActiveCfg = Release|Any CPU
		{7E74FC45-BB10-4423-A50F-C9CC72FA2EF9}.Ad-Hoc|ARM.Build.0 = Release|Any CPU
		{7E74FC45-BB10-4423-A50F-C9CC72FA2EF9}.Ad-Hoc|iPhone.ActiveCfg = Release|Any CPU
		{7E74FC45-BB10-4423-A50F-C9CC72FA2EF9}.Ad-Hoc|iPhone.Build.0 = Release|Any CPU
		{7E74FC45-BB10-4423-A50F-C9CC72FA2EF9}.Ad-Hoc|iPhoneSimulator.ActiveCfg = Release|Any CPU
		{7E74FC45-BB10-4423-A50F-C9CC72FA2EF9}.Ad-Hoc|iPhoneSimulator.Build.0 = Release|Any CPU
		{7E74FC45-BB10-4423-A50F-C9CC72FA2EF9}.Ad-Hoc|x64.ActiveCfg = Release|Any CPU
		{7E74FC45-BB10-4423-A50F-C9CC72FA2EF9}.Ad-Hoc|x64.Build.0 = Release|Any CPU
		{7E74FC45-BB10-4423-A50F-C9CC72FA2EF9}.Ad-Hoc|x86.ActiveCfg = Release|Any CPU
		{7E74FC45-BB10-4423-A50F-C9CC72FA2EF9}.Ad-Hoc|x86.Build.0 = Release|Any CPU
		{7E74FC45-BB10-4423-A50F-C9CC72FA2EF9}.AppStore|Any CPU.ActiveCfg = Release|Any CPU
		{7E74FC45-BB10-4423-A50F-C9CC72FA2EF9}.AppStore|Any CPU.Build.0 = Release|Any CPU
		{7E74FC45-BB10-4423-A50F-C9CC72FA2EF9}.AppStore|ARM.ActiveCfg = Release|Any CPU
		{7E74FC45-BB10-4423-A50F-C9CC72FA2EF9}.AppStore|ARM.Build.0 = Release|Any CPU
		{7E74FC45-BB10-4423-A50F-C9CC72FA2EF9}.AppStore|iPhone.ActiveCfg = Release|Any CPU
		{7E74FC45-BB10-4423-A50F-C9CC72FA2EF9}.AppStore|iPhone.Build.0 = Release|Any CPU
		{7E74FC45-BB10-4423-A50F-C9CC72FA2EF9}.AppStore|iPhoneSimulator.ActiveCfg = Release|Any CPU
		{7E74FC45-BB10-4423-A50F-C9CC72FA2EF9}.AppStore|iPhoneSimulator.Build.0 = Release|Any CPU
		{7E74FC45-BB10-4423-A50F-C9CC72FA2EF9}.AppStore|x64.ActiveCfg = Release|Any CPU
		{7E74FC45-BB10-4423-A50F-C9CC72FA2EF9}.AppStore|x64.Build.0 = Release|Any CPU
		{7E74FC45-BB10-4423-A50F-C9CC72FA2EF9}.AppStore|x86.ActiveCfg = Release|Any CPU
		{7E74FC45-BB10-4423-A50F-C9CC72FA2EF9}.AppStore|x86.Build.0 = Release|Any CPU
		{7E74FC45-BB10-4423-A50F-C9CC72FA2EF9}.Debug|Any CPU.ActiveCfg = Debug|Any CPU
		{7E74FC45-BB10-4423-A50F-C9CC72FA2EF9}.Debug|Any CPU.Build.0 = Debug|Any CPU
		{7E74FC45-BB10-4423-A50F-C9CC72FA2EF9}.Debug|ARM.ActiveCfg = Debug|Any CPU
		{7E74FC45-BB10-4423-A50F-C9CC72FA2EF9}.Debug|ARM.Build.0 = Debug|Any CPU
		{7E74FC45-BB10-4423-A50F-C9CC72FA2EF9}.Debug|iPhone.ActiveCfg = Debug|Any CPU
		{7E74FC45-BB10-4423-A50F-C9CC72FA2EF9}.Debug|iPhone.Build.0 = Debug|Any CPU
		{7E74FC45-BB10-4423-A50F-C9CC72FA2EF9}.Debug|iPhoneSimulator.ActiveCfg = Debug|Any CPU
		{7E74FC45-BB10-4423-A50F-C9CC72FA2EF9}.Debug|iPhoneSimulator.Build.0 = Debug|Any CPU
		{7E74FC45-BB10-4423-A50F-C9CC72FA2EF9}.Debug|x64.ActiveCfg = Debug|Any CPU
		{7E74FC45-BB10-4423-A50F-C9CC72FA2EF9}.Debug|x64.Build.0 = Debug|Any CPU
		{7E74FC45-BB10-4423-A50F-C9CC72FA2EF9}.Debug|x86.ActiveCfg = Debug|Any CPU
		{7E74FC45-BB10-4423-A50F-C9CC72FA2EF9}.Debug|x86.Build.0 = Debug|Any CPU
		{7E74FC45-BB10-4423-A50F-C9CC72FA2EF9}.Release|Any CPU.ActiveCfg = Release|Any CPU
		{7E74FC45-BB10-4423-A50F-C9CC72FA2EF9}.Release|Any CPU.Build.0 = Release|Any CPU
		{7E74FC45-BB10-4423-A50F-C9CC72FA2EF9}.Release|ARM.ActiveCfg = Release|Any CPU
		{7E74FC45-BB10-4423-A50F-C9CC72FA2EF9}.Release|ARM.Build.0 = Release|Any CPU
		{7E74FC45-BB10-4423-A50F-C9CC72FA2EF9}.Release|iPhone.ActiveCfg = Release|Any CPU
		{7E74FC45-BB10-4423-A50F-C9CC72FA2EF9}.Release|iPhone.Build.0 = Release|Any CPU
		{7E74FC45-BB10-4423-A50F-C9CC72FA2EF9}.Release|iPhoneSimulator.ActiveCfg = Release|Any CPU
		{7E74FC45-BB10-4423-A50F-C9CC72FA2EF9}.Release|iPhoneSimulator.Build.0 = Release|Any CPU
		{7E74FC45-BB10-4423-A50F-C9CC72FA2EF9}.Release|x64.ActiveCfg = Release|Any CPU
		{7E74FC45-BB10-4423-A50F-C9CC72FA2EF9}.Release|x64.Build.0 = Release|Any CPU
		{7E74FC45-BB10-4423-A50F-C9CC72FA2EF9}.Release|x86.ActiveCfg = Release|Any CPU
		{7E74FC45-BB10-4423-A50F-C9CC72FA2EF9}.Release|x86.Build.0 = Release|Any CPU
		{F09CE28E-21CF-4ED5-B418-9EEC0E0FBDDD}.Ad-Hoc|Any CPU.ActiveCfg = Release|x86
		{F09CE28E-21CF-4ED5-B418-9EEC0E0FBDDD}.Ad-Hoc|Any CPU.Build.0 = Release|x86
		{F09CE28E-21CF-4ED5-B418-9EEC0E0FBDDD}.Ad-Hoc|Any CPU.Deploy.0 = Release|x86
		{F09CE28E-21CF-4ED5-B418-9EEC0E0FBDDD}.Ad-Hoc|ARM.ActiveCfg = Release|ARM
		{F09CE28E-21CF-4ED5-B418-9EEC0E0FBDDD}.Ad-Hoc|ARM.Build.0 = Release|ARM
		{F09CE28E-21CF-4ED5-B418-9EEC0E0FBDDD}.Ad-Hoc|ARM.Deploy.0 = Release|ARM
		{F09CE28E-21CF-4ED5-B418-9EEC0E0FBDDD}.Ad-Hoc|iPhone.ActiveCfg = Release|x86
		{F09CE28E-21CF-4ED5-B418-9EEC0E0FBDDD}.Ad-Hoc|iPhone.Build.0 = Release|x86
		{F09CE28E-21CF-4ED5-B418-9EEC0E0FBDDD}.Ad-Hoc|iPhone.Deploy.0 = Release|x86
		{F09CE28E-21CF-4ED5-B418-9EEC0E0FBDDD}.Ad-Hoc|iPhoneSimulator.ActiveCfg = Release|x86
		{F09CE28E-21CF-4ED5-B418-9EEC0E0FBDDD}.Ad-Hoc|iPhoneSimulator.Build.0 = Release|x86
		{F09CE28E-21CF-4ED5-B418-9EEC0E0FBDDD}.Ad-Hoc|iPhoneSimulator.Deploy.0 = Release|x86
		{F09CE28E-21CF-4ED5-B418-9EEC0E0FBDDD}.Ad-Hoc|x64.ActiveCfg = Release|x64
		{F09CE28E-21CF-4ED5-B418-9EEC0E0FBDDD}.Ad-Hoc|x64.Build.0 = Release|x64
		{F09CE28E-21CF-4ED5-B418-9EEC0E0FBDDD}.Ad-Hoc|x64.Deploy.0 = Release|x64
		{F09CE28E-21CF-4ED5-B418-9EEC0E0FBDDD}.Ad-Hoc|x86.ActiveCfg = Release|x86
		{F09CE28E-21CF-4ED5-B418-9EEC0E0FBDDD}.Ad-Hoc|x86.Build.0 = Release|x86
		{F09CE28E-21CF-4ED5-B418-9EEC0E0FBDDD}.Ad-Hoc|x86.Deploy.0 = Release|x86
		{F09CE28E-21CF-4ED5-B418-9EEC0E0FBDDD}.AppStore|Any CPU.ActiveCfg = Release|x86
		{F09CE28E-21CF-4ED5-B418-9EEC0E0FBDDD}.AppStore|Any CPU.Build.0 = Release|x86
		{F09CE28E-21CF-4ED5-B418-9EEC0E0FBDDD}.AppStore|Any CPU.Deploy.0 = Release|x86
		{F09CE28E-21CF-4ED5-B418-9EEC0E0FBDDD}.AppStore|ARM.ActiveCfg = Release|ARM
		{F09CE28E-21CF-4ED5-B418-9EEC0E0FBDDD}.AppStore|ARM.Build.0 = Release|ARM
		{F09CE28E-21CF-4ED5-B418-9EEC0E0FBDDD}.AppStore|ARM.Deploy.0 = Release|ARM
		{F09CE28E-21CF-4ED5-B418-9EEC0E0FBDDD}.AppStore|iPhone.ActiveCfg = Release|x86
		{F09CE28E-21CF-4ED5-B418-9EEC0E0FBDDD}.AppStore|iPhone.Build.0 = Release|x86
		{F09CE28E-21CF-4ED5-B418-9EEC0E0FBDDD}.AppStore|iPhone.Deploy.0 = Release|x86
		{F09CE28E-21CF-4ED5-B418-9EEC0E0FBDDD}.AppStore|iPhoneSimulator.ActiveCfg = Release|x86
		{F09CE28E-21CF-4ED5-B418-9EEC0E0FBDDD}.AppStore|iPhoneSimulator.Build.0 = Release|x86
		{F09CE28E-21CF-4ED5-B418-9EEC0E0FBDDD}.AppStore|iPhoneSimulator.Deploy.0 = Release|x86
		{F09CE28E-21CF-4ED5-B418-9EEC0E0FBDDD}.AppStore|x64.ActiveCfg = Release|x64
		{F09CE28E-21CF-4ED5-B418-9EEC0E0FBDDD}.AppStore|x64.Build.0 = Release|x64
		{F09CE28E-21CF-4ED5-B418-9EEC0E0FBDDD}.AppStore|x64.Deploy.0 = Release|x64
		{F09CE28E-21CF-4ED5-B418-9EEC0E0FBDDD}.AppStore|x86.ActiveCfg = Release|x86
		{F09CE28E-21CF-4ED5-B418-9EEC0E0FBDDD}.AppStore|x86.Build.0 = Release|x86
		{F09CE28E-21CF-4ED5-B418-9EEC0E0FBDDD}.AppStore|x86.Deploy.0 = Release|x86
		{F09CE28E-21CF-4ED5-B418-9EEC0E0FBDDD}.Debug|Any CPU.ActiveCfg = Debug|x86
		{F09CE28E-21CF-4ED5-B418-9EEC0E0FBDDD}.Debug|ARM.ActiveCfg = Debug|ARM
		{F09CE28E-21CF-4ED5-B418-9EEC0E0FBDDD}.Debug|ARM.Build.0 = Debug|ARM
		{F09CE28E-21CF-4ED5-B418-9EEC0E0FBDDD}.Debug|ARM.Deploy.0 = Debug|ARM
		{F09CE28E-21CF-4ED5-B418-9EEC0E0FBDDD}.Debug|iPhone.ActiveCfg = Debug|x86
		{F09CE28E-21CF-4ED5-B418-9EEC0E0FBDDD}.Debug|iPhoneSimulator.ActiveCfg = Debug|x86
		{F09CE28E-21CF-4ED5-B418-9EEC0E0FBDDD}.Debug|x64.ActiveCfg = Debug|x64
		{F09CE28E-21CF-4ED5-B418-9EEC0E0FBDDD}.Debug|x64.Build.0 = Debug|x64
		{F09CE28E-21CF-4ED5-B418-9EEC0E0FBDDD}.Debug|x64.Deploy.0 = Debug|x64
		{F09CE28E-21CF-4ED5-B418-9EEC0E0FBDDD}.Debug|x86.ActiveCfg = Debug|x86
		{F09CE28E-21CF-4ED5-B418-9EEC0E0FBDDD}.Debug|x86.Build.0 = Debug|x86
		{F09CE28E-21CF-4ED5-B418-9EEC0E0FBDDD}.Debug|x86.Deploy.0 = Debug|x86
		{F09CE28E-21CF-4ED5-B418-9EEC0E0FBDDD}.Release|Any CPU.ActiveCfg = Release|x86
		{F09CE28E-21CF-4ED5-B418-9EEC0E0FBDDD}.Release|ARM.ActiveCfg = Release|ARM
		{F09CE28E-21CF-4ED5-B418-9EEC0E0FBDDD}.Release|ARM.Build.0 = Release|ARM
		{F09CE28E-21CF-4ED5-B418-9EEC0E0FBDDD}.Release|ARM.Deploy.0 = Release|ARM
		{F09CE28E-21CF-4ED5-B418-9EEC0E0FBDDD}.Release|iPhone.ActiveCfg = Release|x86
		{F09CE28E-21CF-4ED5-B418-9EEC0E0FBDDD}.Release|iPhoneSimulator.ActiveCfg = Release|x86
		{F09CE28E-21CF-4ED5-B418-9EEC0E0FBDDD}.Release|x64.ActiveCfg = Release|x64
		{F09CE28E-21CF-4ED5-B418-9EEC0E0FBDDD}.Release|x64.Build.0 = Release|x64
		{F09CE28E-21CF-4ED5-B418-9EEC0E0FBDDD}.Release|x64.Deploy.0 = Release|x64
		{F09CE28E-21CF-4ED5-B418-9EEC0E0FBDDD}.Release|x86.ActiveCfg = Release|x86
		{F09CE28E-21CF-4ED5-B418-9EEC0E0FBDDD}.Release|x86.Build.0 = Release|x86
		{F09CE28E-21CF-4ED5-B418-9EEC0E0FBDDD}.Release|x86.Deploy.0 = Release|x86
		{E6DA814E-4C79-4551-8C0C-D22DF309D4F5}.Ad-Hoc|Any CPU.ActiveCfg = Ad-Hoc|iPhone
		{E6DA814E-4C79-4551-8C0C-D22DF309D4F5}.Ad-Hoc|ARM.ActiveCfg = Ad-Hoc|iPhone
		{E6DA814E-4C79-4551-8C0C-D22DF309D4F5}.Ad-Hoc|iPhone.ActiveCfg = Ad-Hoc|iPhone
		{E6DA814E-4C79-4551-8C0C-D22DF309D4F5}.Ad-Hoc|iPhone.Build.0 = Ad-Hoc|iPhone
		{E6DA814E-4C79-4551-8C0C-D22DF309D4F5}.Ad-Hoc|iPhoneSimulator.ActiveCfg = Ad-Hoc|iPhoneSimulator
		{E6DA814E-4C79-4551-8C0C-D22DF309D4F5}.Ad-Hoc|iPhoneSimulator.Build.0 = Ad-Hoc|iPhoneSimulator
		{E6DA814E-4C79-4551-8C0C-D22DF309D4F5}.Ad-Hoc|x64.ActiveCfg = Ad-Hoc|iPhone
		{E6DA814E-4C79-4551-8C0C-D22DF309D4F5}.Ad-Hoc|x86.ActiveCfg = Ad-Hoc|iPhone
		{E6DA814E-4C79-4551-8C0C-D22DF309D4F5}.AppStore|Any CPU.ActiveCfg = AppStore|iPhone
		{E6DA814E-4C79-4551-8C0C-D22DF309D4F5}.AppStore|ARM.ActiveCfg = AppStore|iPhone
		{E6DA814E-4C79-4551-8C0C-D22DF309D4F5}.AppStore|iPhone.ActiveCfg = AppStore|iPhone
		{E6DA814E-4C79-4551-8C0C-D22DF309D4F5}.AppStore|iPhone.Build.0 = AppStore|iPhone
		{E6DA814E-4C79-4551-8C0C-D22DF309D4F5}.AppStore|iPhoneSimulator.ActiveCfg = AppStore|iPhoneSimulator
		{E6DA814E-4C79-4551-8C0C-D22DF309D4F5}.AppStore|iPhoneSimulator.Build.0 = AppStore|iPhoneSimulator
		{E6DA814E-4C79-4551-8C0C-D22DF309D4F5}.AppStore|x64.ActiveCfg = AppStore|iPhone
		{E6DA814E-4C79-4551-8C0C-D22DF309D4F5}.AppStore|x86.ActiveCfg = AppStore|iPhone
		{E6DA814E-4C79-4551-8C0C-D22DF309D4F5}.Debug|Any CPU.ActiveCfg = Debug|iPhone
		{E6DA814E-4C79-4551-8C0C-D22DF309D4F5}.Debug|ARM.ActiveCfg = Debug|iPhone
		{E6DA814E-4C79-4551-8C0C-D22DF309D4F5}.Debug|iPhone.ActiveCfg = Debug|iPhone
		{E6DA814E-4C79-4551-8C0C-D22DF309D4F5}.Debug|iPhone.Build.0 = Debug|iPhone
		{E6DA814E-4C79-4551-8C0C-D22DF309D4F5}.Debug|iPhoneSimulator.ActiveCfg = Debug|iPhoneSimulator
		{E6DA814E-4C79-4551-8C0C-D22DF309D4F5}.Debug|iPhoneSimulator.Build.0 = Debug|iPhoneSimulator
		{E6DA814E-4C79-4551-8C0C-D22DF309D4F5}.Debug|x64.ActiveCfg = Debug|iPhone
		{E6DA814E-4C79-4551-8C0C-D22DF309D4F5}.Debug|x86.ActiveCfg = Debug|iPhone
		{E6DA814E-4C79-4551-8C0C-D22DF309D4F5}.Release|Any CPU.ActiveCfg = Release|iPhone
		{E6DA814E-4C79-4551-8C0C-D22DF309D4F5}.Release|ARM.ActiveCfg = Release|iPhone
		{E6DA814E-4C79-4551-8C0C-D22DF309D4F5}.Release|iPhone.ActiveCfg = Release|iPhone
		{E6DA814E-4C79-4551-8C0C-D22DF309D4F5}.Release|iPhone.Build.0 = Release|iPhone
		{E6DA814E-4C79-4551-8C0C-D22DF309D4F5}.Release|iPhoneSimulator.ActiveCfg = Release|iPhoneSimulator
		{E6DA814E-4C79-4551-8C0C-D22DF309D4F5}.Release|iPhoneSimulator.Build.0 = Release|iPhoneSimulator
		{E6DA814E-4C79-4551-8C0C-D22DF309D4F5}.Release|x64.ActiveCfg = Release|iPhone
		{E6DA814E-4C79-4551-8C0C-D22DF309D4F5}.Release|x86.ActiveCfg = Release|iPhone
	EndGlobalSection
	GlobalSection(SolutionProperties) = preSolution
		HideSolutionNode = FALSE
	EndGlobalSection
	GlobalSection(ExtensibilityGlobals) = postSolution
		SolutionGuid = {6EF59649-13D6-4B70-98E6-2F2B5AFD73A4}
	EndGlobalSection
EndGlobal
